{
  "version": 4,
  "terraform_version": "1.9.2",
  "serial": 99,
  "lineage": "4ad171a2-6a14-9527-6417-2e990ce3327f",
  "outputs": {},
  "resources": [
    {
      "mode": "data",
      "type": "template_file",
      "name": "nginx_config",
      "provider": "provider[\"registry.terraform.io/hashicorp/template\"]",
      "instances": [
        {
          "schema_version": 0,
          "attributes": {
            "filename": null,
            "id": "c77335b7e8cf71806ff35f7855caf80ebbac065691211e538bd25e614d3d7ec9",
            "rendered": "server {\n    listen 80;\n    server_name _;\n\n    location / {\n        return 404;\n    }\n}\n\nserver {\n    listen 80;\n    server_name frontend.teubisa.online;\n\n    location / {\n        proxy_pass http://node-frontend:4502;\n        proxy_set_header Host $host;\n        proxy_set_header X-Real-IP $remote_addr;\n        proxy_set_header X-Forwarded-For $proxy_add_x_forwarded_for;\n        proxy_set_header X-Forwarded-Proto $scheme;\n    }\n}\n\nserver {\n    listen 80;\n    server_name backend.teubisa.online;\n\n    location / {\n        proxy_pass http://node-backend:4501;\n        proxy_set_header Host $host;\n        proxy_set_header X-Real-IP $remote_addr;\n        proxy_set_header X-Forwarded-For $proxy_add_x_forwarded_for;\n        proxy_set_header X-Forwarded-Proto $scheme;\n    }\n}\n",
            "template": "server {\n    listen 80;\n    server_name _;\n\n    location / {\n        return 404;\n    }\n}\n\nserver {\n    listen 80;\n    server_name ${frontend_domain};\n\n    location / {\n        proxy_pass http://${frontend_service_name}:4502;\n        proxy_set_header Host $host;\n        proxy_set_header X-Real-IP $remote_addr;\n        proxy_set_header X-Forwarded-For $proxy_add_x_forwarded_for;\n        proxy_set_header X-Forwarded-Proto $scheme;\n    }\n}\n\nserver {\n    listen 80;\n    server_name ${backend_domain};\n\n    location / {\n        proxy_pass http://${backend_service_name}:4501;\n        proxy_set_header Host $host;\n        proxy_set_header X-Real-IP $remote_addr;\n        proxy_set_header X-Forwarded-For $proxy_add_x_forwarded_for;\n        proxy_set_header X-Forwarded-Proto $scheme;\n    }\n}\n",
            "vars": {
              "backend_domain": "backend.teubisa.online",
              "backend_service_name": "node-backend",
              "frontend_domain": "frontend.teubisa.online",
              "frontend_service_name": "node-frontend"
            }
          },
          "sensitive_attributes": []
        }
      ]
    },
    {
      "mode": "managed",
      "type": "docker_network",
      "name": "node_network",
      "provider": "provider[\"registry.terraform.io/kreuzwerker/docker\"]",
      "instances": [
        {
          "schema_version": 1,
          "attributes": {
            "attachable": false,
            "check_duplicate": null,
            "driver": "overlay",
            "id": "3facxj9q3eh88qaona8pmnozu",
            "ingress": false,
            "internal": false,
            "ipam_config": [
              {
                "aux_address": {},
                "gateway": "10.0.2.1",
                "ip_range": "",
                "subnet": "10.0.2.0/24"
              }
            ],
            "ipam_driver": "default",
            "ipam_options": {},
            "ipv6": false,
            "labels": [],
            "name": "node-network",
            "options": {
              "com.docker.network.driver.overlay.vxlanid_list": "4098"
            },
            "scope": "swarm"
          },
          "sensitive_attributes": [],
          "private": "eyJzY2hlbWFfdmVyc2lvbiI6IjEifQ=="
        }
      ]
    },
    {
      "mode": "managed",
      "type": "docker_service",
      "name": "backend",
      "provider": "provider[\"registry.terraform.io/kreuzwerker/docker\"]",
      "instances": [
        {
          "schema_version": 2,
          "attributes": {
            "auth": [],
            "converge_config": [],
            "endpoint_spec": [
              {
                "mode": "vip",
                "ports": []
              }
            ],
            "id": "hi4zl8t3knkx6aqfy36gqwk0b",
            "labels": [],
            "mode": [
              {
                "global": false,
                "replicated": [
                  {
                    "replicas": 1
                  }
                ]
              }
            ],
            "name": "node-backend",
            "rollback_config": [],
            "task_spec": [
              {
                "container_spec": [
                  {
                    "args": null,
                    "command": null,
                    "configs": [],
                    "dir": "",
                    "dns_config": [
                      {
                        "nameservers": null,
                        "options": null,
                        "search": null
                      }
                    ],
                    "env": {
                      "HOST": "0.0.0.0",
                      "PORT": "4501",
                      "SERVER_API_KEY": "UUUuuuUUUUUlll"
                    },
                    "groups": null,
                    "healthcheck": [
                      {
                        "interval": "0s",
                        "retries": 0,
                        "start_period": "0s",
                        "test": [],
                        "timeout": "0s"
                      }
                    ],
                    "hostname": "",
                    "hosts": [],
                    "image": "vourteen14/node-backend:latest",
                    "isolation": "default",
                    "labels": [],
                    "mounts": [],
                    "privileges": [],
                    "read_only": false,
                    "secrets": [],
                    "stop_grace_period": "0s",
                    "stop_signal": "",
                    "sysctl": null,
                    "user": ""
                  }
                ],
                "force_update": 0,
                "log_driver": [],
                "networks_advanced": [
                  {
                    "aliases": [],
                    "driver_opts": [],
                    "name": "node-network"
                  }
                ],
                "placement": [
                  {
                    "constraints": [],
                    "max_replicas": 0,
                    "platforms": [],
                    "prefs": []
                  }
                ],
                "resources": [
                  {
                    "limits": [],
                    "reservation": []
                  }
                ],
                "restart_policy": [
                  {
                    "condition": "on-failure",
                    "delay": "0s",
                    "max_attempts": 0,
                    "window": "0s"
                  }
                ],
                "runtime": "container"
              }
            ],
            "update_config": []
          },
          "sensitive_attributes": [],
          "private": "eyJzY2hlbWFfdmVyc2lvbiI6IjIifQ==",
          "dependencies": [
            "docker_network.node_network"
          ]
        }
      ]
    },
    {
      "mode": "managed",
      "type": "docker_service",
      "name": "frontend",
      "provider": "provider[\"registry.terraform.io/kreuzwerker/docker\"]",
      "instances": [
        {
          "schema_version": 2,
          "attributes": {
            "auth": [],
            "converge_config": [],
            "endpoint_spec": [
              {
                "mode": "vip",
                "ports": []
              }
            ],
            "id": "ukzgf8libq1vwxuq4vwl2bfzf",
            "labels": [],
            "mode": [
              {
                "global": false,
                "replicated": [
                  {
                    "replicas": 1
                  }
                ]
              }
            ],
            "name": "node-frontend",
            "rollback_config": [],
            "task_spec": [
              {
                "container_spec": [
                  {
                    "args": null,
                    "command": null,
                    "configs": [],
                    "dir": "",
                    "dns_config": [
                      {
                        "nameservers": null,
                        "options": null,
                        "search": null
                      }
                    ],
                    "env": {
                      "BACKEND_API_URL": "http://backend.teubisa.online",
                      "BACKEND_AUTH_TOKEN": "UUUuuuUUUUUlll"
                    },
                    "groups": null,
                    "healthcheck": [
                      {
                        "interval": "0s",
                        "retries": 0,
                        "start_period": "0s",
                        "test": [],
                        "timeout": "0s"
                      }
                    ],
                    "hostname": "",
                    "hosts": [],
                    "image": "vourteen14/node-frontend:latest",
                    "isolation": "default",
                    "labels": [],
                    "mounts": [],
                    "privileges": [],
                    "read_only": false,
                    "secrets": [],
                    "stop_grace_period": "0s",
                    "stop_signal": "",
                    "sysctl": null,
                    "user": ""
                  }
                ],
                "force_update": 0,
                "log_driver": [],
                "networks_advanced": [
                  {
                    "aliases": [],
                    "driver_opts": [],
                    "name": "node-network"
                  }
                ],
                "placement": [
                  {
                    "constraints": [],
                    "max_replicas": 0,
                    "platforms": [],
                    "prefs": []
                  }
                ],
                "resources": [
                  {
                    "limits": [],
                    "reservation": []
                  }
                ],
                "restart_policy": [
                  {
                    "condition": "on-failure",
                    "delay": "0s",
                    "max_attempts": 0,
                    "window": "0s"
                  }
                ],
                "runtime": "container"
              }
            ],
            "update_config": []
          },
          "sensitive_attributes": [],
          "private": "eyJzY2hlbWFfdmVyc2lvbiI6IjIifQ==",
          "dependencies": [
            "docker_network.node_network"
          ]
        }
      ]
    },
    {
      "mode": "managed",
      "type": "docker_service",
      "name": "nginx_ingress",
      "provider": "provider[\"registry.terraform.io/kreuzwerker/docker\"]",
      "instances": [
        {
          "schema_version": 2,
          "attributes": {
            "auth": [],
            "converge_config": [],
            "endpoint_spec": [
              {
                "mode": "vip",
                "ports": [
                  {
                    "name": "",
                    "protocol": "tcp",
                    "publish_mode": "ingress",
                    "published_port": 80,
                    "target_port": 80
                  },
                  {
                    "name": "",
                    "protocol": "tcp",
                    "publish_mode": "ingress",
                    "published_port": 443,
                    "target_port": 443
                  }
                ]
              }
            ],
            "id": "y8fuy1b55bt8yz7s8dl0ofxd9",
            "labels": [],
            "mode": [
              {
                "global": false,
                "replicated": [
                  {
                    "replicas": 1
                  }
                ]
              }
            ],
            "name": "nginx-ingress",
            "rollback_config": [],
            "task_spec": [
              {
                "container_spec": [
                  {
                    "args": null,
                    "command": null,
                    "configs": [],
                    "dir": "",
                    "dns_config": [
                      {
                        "nameservers": null,
                        "options": null,
                        "search": null
                      }
                    ],
                    "env": null,
                    "groups": null,
                    "healthcheck": [
                      {
                        "interval": "0s",
                        "retries": 0,
                        "start_period": "0s",
                        "test": [],
                        "timeout": "0s"
                      }
                    ],
                    "hostname": "",
                    "hosts": [],
                    "image": "nginx:latest",
                    "isolation": "default",
                    "labels": [],
                    "mounts": [
                      {
                        "bind_options": [],
                        "read_only": true,
                        "source": "/home/anggasuriana/workspace/development/zero-one-group-technical-test/terraform-swarm/config",
                        "target": "/etc/nginx/conf.d",
                        "tmpfs_options": [],
                        "type": "bind",
                        "volume_options": []
                      }
                    ],
                    "privileges": [],
                    "read_only": false,
                    "secrets": [],
                    "stop_grace_period": "0s",
                    "stop_signal": "",
                    "sysctl": null,
                    "user": ""
                  }
                ],
                "force_update": 0,
                "log_driver": [],
                "networks_advanced": [
                  {
                    "aliases": [],
                    "driver_opts": [],
                    "name": "node-network"
                  }
                ],
                "placement": [
                  {
                    "constraints": [],
                    "max_replicas": 0,
                    "platforms": [],
                    "prefs": []
                  }
                ],
                "resources": [
                  {
                    "limits": [],
                    "reservation": []
                  }
                ],
                "restart_policy": [
                  {
                    "condition": "any",
                    "delay": "",
                    "max_attempts": 0,
                    "window": ""
                  }
                ],
                "runtime": "container"
              }
            ],
            "update_config": []
          },
          "sensitive_attributes": [],
          "private": "eyJzY2hlbWFfdmVyc2lvbiI6IjIifQ==",
          "dependencies": [
            "docker_network.node_network"
          ]
        }
      ]
    },
    {
      "mode": "managed",
      "type": "local_file",
      "name": "nginx_config",
      "provider": "provider[\"registry.terraform.io/hashicorp/local\"]",
      "instances": [
        {
          "schema_version": 0,
          "attributes": {
            "content": "server {\n    listen 80;\n    server_name _;\n\n    location / {\n        return 404;\n    }\n}\n\nserver {\n    listen 80;\n    server_name frontend.teubisa.online;\n\n    location / {\n        proxy_pass http://node-frontend:4502;\n        proxy_set_header Host $host;\n        proxy_set_header X-Real-IP $remote_addr;\n        proxy_set_header X-Forwarded-For $proxy_add_x_forwarded_for;\n        proxy_set_header X-Forwarded-Proto $scheme;\n    }\n}\n\nserver {\n    listen 80;\n    server_name backend.teubisa.online;\n\n    location / {\n        proxy_pass http://node-backend:4501;\n        proxy_set_header Host $host;\n        proxy_set_header X-Real-IP $remote_addr;\n        proxy_set_header X-Forwarded-For $proxy_add_x_forwarded_for;\n        proxy_set_header X-Forwarded-Proto $scheme;\n    }\n}\n",
            "content_base64": null,
            "content_base64sha256": "x3M1t+jPcYBv8194Vcr4DrusBlaRIR5Ti9JeYU09fsk=",
            "content_base64sha512": "LcSwA9Wc6mK3qZSBO8g0RQblXa2TDpKgHQWVd1KfTS3r1ZXzEk6UHDF8CRjn5NmIhlMRdDEVeCLHLahOPEvwBw==",
            "content_md5": "33545478ab7ba4324a78c5a7afe1a55c",
            "content_sha1": "544f8634b43fd7af616bac3587f70485e5bf3fa1",
            "content_sha256": "c77335b7e8cf71806ff35f7855caf80ebbac065691211e538bd25e614d3d7ec9",
            "content_sha512": "2dc4b003d59cea62b7a994813bc8344506e55dad930e92a01d059577529f4d2debd595f3124e941c317c0918e7e4d9888653117431157822c72da84e3c4bf007",
            "directory_permission": "0777",
            "file_permission": "0777",
            "filename": "./config/nginx_reverse.conf",
            "id": "544f8634b43fd7af616bac3587f70485e5bf3fa1",
            "sensitive_content": null,
            "source": null
          },
          "sensitive_attributes": [
            [
              {
                "type": "get_attr",
                "value": "sensitive_content"
              }
            ]
          ],
          "dependencies": [
            "data.template_file.nginx_config"
          ]
        }
      ]
    }
  ],
  "check_results": null
}
